// !$*UTF8*$!
{
	archiveVersion = 1;
	classes = {
	};
	objectVersion = 46;
	objects = {

/* Begin PBXBuildFile section */
		D97CF6BE1A0BDFEF002F82D1 /* AppDelegate.swift in Sources */ = {isa = PBXBuildFile; fileRef = D97CF6BD1A0BDFEF002F82D1 /* AppDelegate.swift */; };
		D97CF6C01A0BDFEF002F82D1 /* ViewController.swift in Sources */ = {isa = PBXBuildFile; fileRef = D97CF6BF1A0BDFEF002F82D1 /* ViewController.swift */; };
		D97CF6C31A0BDFEF002F82D1 /* Main.storyboard in Resources */ = {isa = PBXBuildFile; fileRef = D97CF6C11A0BDFEF002F82D1 /* Main.storyboard */; };
		D97CF6C51A0BDFEF002F82D1 /* Images.xcassets in Resources */ = {isa = PBXBuildFile; fileRef = D97CF6C41A0BDFEF002F82D1 /* Images.xcassets */; };
		D97CF6C81A0BDFEF002F82D1 /* LaunchScreen.xib in Resources */ = {isa = PBXBuildFile; fileRef = D97CF6C61A0BDFEF002F82D1 /* LaunchScreen.xib */; };
		D97CF6D41A0BDFEF002F82D1 /* FunctionalDiscreteEventEngineTests.swift in Sources */ = {isa = PBXBuildFile; fileRef = D97CF6D31A0BDFEF002F82D1 /* FunctionalDiscreteEventEngineTests.swift */; };
		D97CF6DE1A0BE41A002F82D1 /* PipelineOpperator.swift in Sources */ = {isa = PBXBuildFile; fileRef = D97CF6DD1A0BE41A002F82D1 /* PipelineOpperator.swift */; };
		D97CF6E01A0BE42A002F82D1 /* Entity.swift in Sources */ = {isa = PBXBuildFile; fileRef = D97CF6DF1A0BE42A002F82D1 /* Entity.swift */; };
		D9E88BC91A151B0C00E157C1 /* DoStuff.swift in Sources */ = {isa = PBXBuildFile; fileRef = D9E88BC81A151B0C00E157C1 /* DoStuff.swift */; };
/* End PBXBuildFile section */

/* Begin PBXContainerItemProxy section */
		D97CF6CE1A0BDFEF002F82D1 /* PBXContainerItemProxy */ = {
			isa = PBXContainerItemProxy;
			containerPortal = D97CF6B01A0BDFEF002F82D1 /* Project object */;
			proxyType = 1;
			remoteGlobalIDString = D97CF6B71A0BDFEF002F82D1;
			remoteInfo = FunctionalDiscreteEventEngine;
		};
/* End PBXContainerItemProxy section */

/* Begin PBXFileReference section */
		D97CF6B81A0BDFEF002F82D1 /* FunctionalDiscreteEventEngine.app */ = {isa = PBXFileReference; explicitFileType = wrapper.application; includeInIndex = 0; path = FunctionalDiscreteEventEngine.app; sourceTree = BUILT_PRODUCTS_DIR; };
		D97CF6BC1A0BDFEF002F82D1 /* Info.plist */ = {isa = PBXFileReference; lastKnownFileType = text.plist.xml; path = Info.plist; sourceTree = "<group>"; };
		D97CF6BD1A0BDFEF002F82D1 /* AppDelegate.swift */ = {isa = PBXFileReference; lastKnownFileType = sourcecode.swift; path = AppDelegate.swift; sourceTree = "<group>"; };
		D97CF6BF1A0BDFEF002F82D1 /* ViewController.swift */ = {isa = PBXFileReference; lastKnownFileType = sourcecode.swift; path = ViewController.swift; sourceTree = "<group>"; };
		D97CF6C21A0BDFEF002F82D1 /* Base */ = {isa = PBXFileReference; lastKnownFileType = file.storyboard; name = Base; path = Base.lproj/Main.storyboard; sourceTree = "<group>"; };
		D97CF6C41A0BDFEF002F82D1 /* Images.xcassets */ = {isa = PBXFileReference; lastKnownFileType = folder.assetcatalog; path = Images.xcassets; sourceTree = "<group>"; };
		D97CF6C71A0BDFEF002F82D1 /* Base */ = {isa = PBXFileReference; lastKnownFileType = file.xib; name = Base; path = Base.lproj/LaunchScreen.xib; sourceTree = "<group>"; };
		D97CF6CD1A0BDFEF002F82D1 /* FunctionalDiscreteEventEngineTests.xctest */ = {isa = PBXFileReference; explicitFileType = wrapper.cfbundle; includeInIndex = 0; path = FunctionalDiscreteEventEngineTests.xctest; sourceTree = BUILT_PRODUCTS_DIR; };
		D97CF6D21A0BDFEF002F82D1 /* Info.plist */ = {isa = PBXFileReference; lastKnownFileType = text.plist.xml; path = Info.plist; sourceTree = "<group>"; };
		D97CF6D31A0BDFEF002F82D1 /* FunctionalDiscreteEventEngineTests.swift */ = {isa = PBXFileReference; lastKnownFileType = sourcecode.swift; path = FunctionalDiscreteEventEngineTests.swift; sourceTree = "<group>"; };
		D97CF6DD1A0BE41A002F82D1 /* PipelineOpperator.swift */ = {isa = PBXFileReference; fileEncoding = 4; lastKnownFileType = sourcecode.swift; path = PipelineOpperator.swift; sourceTree = "<group>"; };
		D97CF6DF1A0BE42A002F82D1 /* Entity.swift */ = {isa = PBXFileReference; fileEncoding = 4; lastKnownFileType = sourcecode.swift; path = Entity.swift; sourceTree = "<group>"; };
		D9D6BDDD1A1E5B230077C96D /* array.playground */ = {isa = PBXFileReference; lastKnownFileType = file.playground; path = array.playground; sourceTree = "<group>"; };
		D9E88BC81A151B0C00E157C1 /* DoStuff.swift */ = {isa = PBXFileReference; fileEncoding = 4; lastKnownFileType = sourcecode.swift; path = DoStuff.swift; sourceTree = "<group>"; };
/* End PBXFileReference section */

/* Begin PBXFrameworksBuildPhase section */
		D97CF6B51A0BDFEF002F82D1 /* Frameworks */ = {
			isa = PBXFrameworksBuildPhase;
			buildActionMask = 2147483647;
			files = (
			);
			runOnlyForDeploymentPostprocessing = 0;
		};
		D97CF6CA1A0BDFEF002F82D1 /* Frameworks */ = {
			isa = PBXFrameworksBuildPhase;
			buildActionMask = 2147483647;
			files = (
			);
			runOnlyForDeploymentPostprocessing = 0;
		};
/* End PBXFrameworksBuildPhase section */

/* Begin PBXGroup section */
		D97CF6AF1A0BDFEF002F82D1 = {
			isa = PBXGroup;
			children = (
				D9D6BDDD1A1E5B230077C96D /* array.playground */,
				D97CF6BA1A0BDFEF002F82D1 /* FunctionalDiscreteEventEngine */,
				D97CF6D01A0BDFEF002F82D1 /* FunctionalDiscreteEventEngineTests */,
				D97CF6B91A0BDFEF002F82D1 /* Products */,
			);
			sourceTree = "<group>";
		};
		D97CF6B91A0BDFEF002F82D1 /* Products */ = {
			isa = PBXGroup;
			children = (
				D97CF6B81A0BDFEF002F82D1 /* FunctionalDiscreteEventEngine.app */,
				D97CF6CD1A0BDFEF002F82D1 /* FunctionalDiscreteEventEngineTests.xctest */,
			);
			name = Products;
			sourceTree = "<group>";
		};
		D97CF6BA1A0BDFEF002F82D1 /* FunctionalDiscreteEventEngine */ = {
			isa = PBXGroup;
			children = (
				D97CF6BD1A0BDFEF002F82D1 /* AppDelegate.swift */,
				D97CF6DD1A0BE41A002F82D1 /* PipelineOpperator.swift */,
				D97CF6DF1A0BE42A002F82D1 /* Entity.swift */,
				D9E88BC81A151B0C00E157C1 /* DoStuff.swift */,
				D97CF6BF1A0BDFEF002F82D1 /* ViewController.swift */,
				D97CF6C11A0BDFEF002F82D1 /* Main.storyboard */,
				D97CF6C41A0BDFEF002F82D1 /* Images.xcassets */,
				D97CF6C61A0BDFEF002F82D1 /* LaunchScreen.xib */,
				D97CF6BB1A0BDFEF002F82D1 /* Supporting Files */,
			);
			path = FunctionalDiscreteEventEngine;
			sourceTree = "<group>";
		};
		D97CF6BB1A0BDFEF002F82D1 /* Supporting Files */ = {
			isa = PBXGroup;
			children = (
				D97CF6BC1A0BDFEF002F82D1 /* Info.plist */,
			);
			name = "Supporting Files";
			sourceTree = "<group>";
		};
		D97CF6D01A0BDFEF002F82D1 /* FunctionalDiscreteEventEngineTests */ = {
			isa = PBXGroup;
			children = (
				D97CF6D31A0BDFEF002F82D1 /* FunctionalDiscreteEventEngineTests.swift */,
				D97CF6D11A0BDFEF002F82D1 /* Supporting Files */,
			);
			path = FunctionalDiscreteEventEngineTests;
			sourceTree = "<group>";
		};
		D97CF6D11A0BDFEF002F82D1 /* Supporting Files */ = {
			isa = PBXGroup;
			children = (
				D97CF6D21A0BDFEF002F82D1 /* Info.plist */,
			);
			name = "Supporting Files";
			sourceTree = "<group>";
		};
/* End PBXGroup section */

/* Begin PBXNativeTarget section */
		D97CF6B71A0BDFEF002F82D1 /* FunctionalDiscreteEventEngine */ = {
			isa = PBXNativeTarget;
			buildConfigurationList = D97CF6D71A0BDFEF002F82D1 /* Build configuration list for PBXNativeTarget "FunctionalDiscreteEventEngine" */;
			buildPhases = (
				D97CF6B41A0BDFEF002F82D1 /* Sources */,
				D97CF6B51A0BDFEF002F82D1 /* Frameworks */,
				D97CF6B61A0BDFEF002F82D1 /* Resources */,
			);
			buildRules = (
			);
			dependencies = (
			);
			name = FunctionalDiscreteEventEngine;
			productName = FunctionalDiscreteEventEngine;
			productReference = D97CF6B81A0BDFEF002F82D1 /* FunctionalDiscreteEventEngine.app */;
			productType = "com.apple.product-type.application";
		};
		D97CF6CC1A0BDFEF002F82D1 /* FunctionalDiscreteEventEngineTests */ = {
			isa = PBXNativeTarget;
			buildConfigurationList = D97CF6DA1A0BDFEF002F82D1 /* Build configuration list for PBXNativeTarget "FunctionalDiscreteEventEngineTests" */;
			buildPhases = (
				D97CF6C91A0BDFEF002F82D1 /* Sources */,
				D97CF6CA1A0BDFEF002F82D1 /* Frameworks */,
				D97CF6CB1A0BDFEF002F82D1 /* Resources */,
			);
			buildRules = (
			);
			dependencies = (
				D97CF6CF1A0BDFEF002F82D1 /* PBXTargetDependency */,
			);
			name = FunctionalDiscreteEventEngineTests;
			productName = FunctionalDiscreteEventEngineTests;
			productReference = D97CF6CD1A0BDFEF002F82D1 /* FunctionalDiscreteEventEngineTests.xctest */;
			productType = "com.apple.product-type.bundle.unit-test";
		};
/* End PBXNativeTarget section */

/* Begin PBXProject section */
		D97CF6B01A0BDFEF002F82D1 /* Project object */ = {
			isa = PBXProject;
			attributes = {
				LastUpgradeCheck = 0610;
				ORGANIZATIONNAME = "Austin Tooley";
				TargetAttributes = {
					D97CF6B71A0BDFEF002F82D1 = {
						CreatedOnToolsVersion = 6.1;
					};
					D97CF6CC1A0BDFEF002F82D1 = {
						CreatedOnToolsVersion = 6.1;
						TestTargetID = D97CF6B71A0BDFEF002F82D1;
					};
				};
			};
			buildConfigurationList = D97CF6B31A0BDFEF002F82D1 /* Build configuration list for PBXProject "FunctionalDiscreteEventEngine" */;
			compatibilityVersion = "Xcode 3.2";
			developmentRegion = English;
			hasScannedForEncodings = 0;
			knownRegions = (
				en,
				Base,
			);
			mainGroup = D97CF6AF1A0BDFEF002F82D1;
			productRefGroup = D97CF6B91A0BDFEF002F82D1 /* Products */;
			projectDirPath = "";
			projectRoot = "";
			targets = (
				D97CF6B71A0BDFEF002F82D1 /* FunctionalDiscreteEventEngine */,
				D97CF6CC1A0BDFEF002F82D1 /* FunctionalDiscreteEventEngineTests */,
			);
		};
/* End PBXProject section */

/* Begin PBXResourcesBuildPhase section */
		D97CF6B61A0BDFEF002F82D1 /* Resources */ = {
			isa = PBXResourcesBuildPhase;
			buildActionMask = 2147483647;
			files = (
				D97CF6C31A0BDFEF002F82D1 /* Main.storyboard in Resources */,
				D97CF6C81A0BDFEF002F82D1 /* LaunchScreen.xib in Resources */,
				D97CF6C51A0BDFEF002F82D1 /* Images.xcassets in Resources */,
			);
			runOnlyForDeploymentPostprocessing = 0;
		};
		D97CF6CB1A0BDFEF002F82D1 /* Resources */ = {
			isa = PBXResourcesBuildPhase;
			buildActionMask = 2147483647;
			files = (
			);
			runOnlyForDeploymentPostprocessing = 0;
		};
/* End PBXResourcesBuildPhase section */

/* Begin PBXSourcesBuildPhase section */
		D97CF6B41A0BDFEF002F82D1 /* Sources */ = {
			isa = PBXSourcesBuildPhase;
			buildActionMask = 2147483647;
			files = (
				D97CF6E01A0BE42A002F82D1 /* Entity.swift in Sources */,
				D9E88BC91A151B0C00E157C1 /* DoStuff.swift in Sources */,
				D97CF6DE1A0BE41A002F82D1 /* PipelineOpperator.swift in Sources */,
				D97CF6C01A0BDFEF002F82D1 /* ViewController.swift in Sources */,
				D97CF6BE1A0BDFEF002F82D1 /* AppDelegate.swift in Sources */,
			);
			runOnlyForDeploymentPostprocessing = 0;
		};
		D97CF6C91A0BDFEF002F82D1 /* Sources */ = {
			isa = PBXSourcesBuildPhase;
			buildActionMask = 2147483647;
			files = (
				D97CF6D41A0BDFEF002F82D1 /* FunctionalDiscreteEventEngineTests.swift in Sources */,
			);
			runOnlyForDeploymentPostprocessing = 0;
		};
/* End PBXSourcesBuildPhase section */

/* Begin PBXTargetDependency section */
		D97CF6CF1A0BDFEF002F82D1 /* PBXTargetDependency */ = {
			isa = PBXTargetDependency;
			target = D97CF6B71A0BDFEF002F82D1 /* FunctionalDiscreteEventEngine */;
			targetProxy = D97CF6CE1A0BDFEF002F82D1 /* PBXContainerItemProxy */;
		};
/* End PBXTargetDependency section */

/* Begin PBXVariantGroup section */
		D97CF6C11A0BDFEF002F82D1 /* Main.storyboard */ = {
			isa = PBXVariantGroup;
			children = (
				D97CF6C21A0BDFEF002F82D1 /* Base */,
			);
			name = Main.storyboard;
			sourceTree = "<group>";
		};
		D97CF6C61A0BDFEF002F82D1 /* LaunchScreen.xib */ = {
			isa = PBXVariantGroup;
			children = (
				D97CF6C71A0BDFEF002F82D1 /* Base */,
			);
			name = LaunchScreen.xib;
			sourceTree = "<group>";
		};
/* End PBXVariantGroup section */

/* Begin XCBuildConfiguration section */
		D97CF6D51A0BDFEF002F82D1 /* Debug */ = {
			isa = XCBuildConfiguration;
			buildSettings = {
				ALWAYS_SEARCH_USER_PATHS = NO;
				CLANG_CXX_LANGUAGE_STANDARD = "gnu++0x";
				CLANG_CXX_LIBRARY = "libc++";
				CLANG_ENABLE_MODULES = YES;
				CLANG_ENABLE_OBJC_ARC = YES;
				CLANG_WARN_BOOL_CONVERSION = YES;
				CLANG_WARN_CONSTANT_CONVERSION = YES;
				CLANG_WARN_DIRECT_OBJC_ISA_USAGE = YES_ERROR;
				CLANG_WARN_EMPTY_BODY = YES;
				CLANG_WARN_ENUM_CONVERSION = YES;
				CLANG_WARN_INT_CONVERSION = YES;
				CLANG_WARN_OBJC_ROOT_CLASS = YES_ERROR;
				CLANG_WARN_UNREACHABLE_CODE = YES;
				CLANG_WARN__DUPLICATE_METHOD_MATCH = YES;
				"CODE_SIGN_IDENTITY[sdk=iphoneos*]" = "iPhone Developer";
				COPY_PHASE_STRIP = NO;
				ENABLE_STRICT_OBJC_MSGSEND = YES;
				GCC_C_LANGUAGE_STANDARD = gnu99;
				GCC_DYNAMIC_NO_PIC = NO;
				GCC_OPTIMIZATION_LEVEL = 0;
				GCC_PREPROCESSOR_DEFINITIONS = (
					"DEBUG=1",
					"$(inherited)",
				);
				GCC_SYMBOLS_PRIVATE_EXTERN = NO;
				GCC_WARN_64_TO_32_BIT_CONVERSION = YES;
				GCC_WARN_ABOUT_RETURN_TYPE = YES_ERROR;
				GCC_WARN_UNDECLARED_SELECTOR = YES;
				GCC_WARN_UNINITIALIZED_AUTOS = YES_AGGRESSIVE;
				GCC_WARN_UNUSED_FUNCTION = YES;
				GCC_WARN_UNUSED_VARIABLE = YES;
				IPHONEOS_DEPLOYMENT_TARGET = 8.1;
				MTL_ENABLE_DEBUG_INFO = YES;
				ONLY_ACTIVE_ARCH = YES;
				SDKROOT = iphoneos;
				SWIFT_OPTIMIZATION_LEVEL = "-Onone";
				TARGETED_DEVICE_FAMILY = "1,2";
			};
			name = Debug;
		};
		D97CF6D61A0BDFEF002F82D1 /* Release */ = {
			isa = XCBuildConfiguration;
			buildSettings = {
				ALWAYS_SEARCH_USER_PATHS = NO;
				CLANG_CXX_LANGUAGE_STANDARD = "gnu++0x";
				CLANG_CXX_LIBRARY = "libc++";
				CLANG_ENABLE_MODULES = YES;
				CLANG_ENABLE_OBJC_ARC = YES;
				CLANG_WARN_BOOL_CONVERSION = YES;
				CLANG_WARN_CONSTANT_CONVERSION = YES;
				CLANG_WARN_DIRECT_OBJC_ISA_USAGE = YES_ERROR;
				CLANG_WARN_EMPTY_BODY = YES;
				CLANG_WARN_ENUM_CONVERSION = YES;
				CLANG_WARN_INT_CONVERSION = YES;
				CLANG_WARN_OBJC_ROOT_CLASS = YES_ERROR;
				CLANG_WARN_UNREACHABLE_CODE = YES;
				CLANG_WARN__DUPLICATE_METHOD_MATCH = YES;
				"CODE_SIGN_IDENTITY[sdk=iphoneos*]" = "iPhone Developer";
				COPY_PHASE_STRIP = YES;
				ENABLE_NS_ASSERTIONS = NO;
				ENABLE_STRICT_OBJC_MSGSEND = YES;
				GCC_C_LANGUAGE_STANDARD = gnu99;
				GCC_WARN_64_TO_32_BIT_CONVERSION = YES;
				GCC_WARN_ABOUT_RETURN_TYPE = YES_ERROR;
				GCC_WARN_UNDECLARED_SELECTOR = YES;
				GCC_WARN_UNINITIALIZED_AUTOS = YES_AGGRESSIVE;
				GCC_WARN_UNUSED_FUNCTION = YES;
				GCC_WARN_UNUSED_VARIABLE = YES;
				IPHONEOS_DEPLOYMENT_TARGET = 8.1;
				MTL_ENABLE_DEBUG_INFO = NO;
				SDKROOT = iphoneos;
				TARGETED_DEVICE_FAMILY = "1,2";
				VALIDATE_PRODUCT = YES;
			};
			name = Release;
		};
		D97CF6D81A0BDFEF002F82D1 /* Debug */ = {
			isa = XCBuildConfiguration;
			buildSettings = {
				ASSETCATALOG_COMPILER_APPICON_NAME = AppIcon;
				INFOPLIST_FILE = FunctionalDiscreteEventEngine/Info.plist;
				LD_RUNPATH_SEARCH_PATHS = "$(inherited) @executable_path/Frameworks";
				PRODUCT_NAME = "$(TARGET_NAME)";
			};
			name = Debug;
		};
		D97CF6D91A0BDFEF002F82D1 /* Release */ = {
			isa = XCBuildConfiguration;
			buildSettings = {
				ASSETCATALOG_COMPILER_APPICON_NAME = AppIcon;
				INFOPLIST_FILE = FunctionalDiscreteEventEngine/Info.plist;
				LD_RUNPATH_SEARCH_PATHS = "$(inherited) @executable_path/Frameworks";
				PRODUCT_NAME = "$(TARGET_NAME)";
			};
			name = Release;
		};
		D97CF6DB1A0BDFEF002F82D1 /* Debug */ = {
			isa = XCBuildConfiguration;
			buildSettings = {
				BUNDLE_LOADER = "$(TEST_HOST)";
				FRAMEWORK_SEARCH_PATHS = (
					"$(SDKROOT)/Developer/Library/Frameworks",
					"$(inherited)",
				);
				GCC_PREPROCESSOR_DEFINITIONS = (
					"DEBUG=1",
					"$(inherited)",
				);
				INFOPLIST_FILE = FunctionalDiscreteEventEngineTests/Info.plist;
				LD_RUNPATH_SEARCH_PATHS = "$(inherited) @executable_path/Frameworks @loader_path/Frameworks";
				PRODUCT_NAME = "$(TARGET_NAME)";
				TEST_HOST = "$(BUILT_PRODUCTS_DIR)/FunctionalDiscreteEventEngine.app/FunctionalDiscreteEventEngine";
			};
			name = Debug;
		};
		D97CF6DC1A0BDFEF002F82D1 /* Release */ = {
			isa = XCBuildConfiguration;
			buildSettings = {
				BUNDLE_LOADER = "$(TEST_HOST)";
				FRAMEWORK_SEARCH_PATHS = (
					"$(SDKROOT)/Developer/Library/Frameworks",
					"$(inherited)",
				);
				INFOPLIST_FILE = FunctionalDiscreteEventEngineTests/Info.plist;
				LD_RUNPATH_SEARCH_PATHS = "$(inherited) @executable_path/Frameworks @loader_path/Frameworks";
				PRODUCT_NAME = "$(TARGET_NAME)";
				TEST_HOST = "$(BUILT_PRODUCTS_DIR)/FunctionalDiscreteEventEngine.app/FunctionalDiscreteEventEngine";
			};
			name = Release;
		};
/* End XCBuildConfiguration section */

/* Begin XCConfigurationList section */
		D97CF6B31A0BDFEF002F82D1 /* Build configuration list for PBXProject "FunctionalDiscreteEventEngine" */ = {
			isa = XCConfigurationList;
			buildConfigurations = (
				D97CF6D51A0BDFEF002F82D1 /* Debug */,
				D97CF6D61A0BDFEF002F82D1 /* Release */,
			);
			defaultConfigurationIsVisible = 0;
			defaultConfigurationName = Release;
		};
		D97CF6D71A0BDFEF002F82D1 /* Build configuration list for PBXNativeTarget "FunctionalDiscreteEventEngine" */ = {
			isa = XCConfigurationList;
			buildConfigurations = (
				D97CF6D81A0BDFEF002F82D1 /* Debug */,
				D97CF6D91A0BDFEF002F82D1 /* Release */,
			);
			defaultConfigurationIsVisible = 0;
			defaultConfigurationName = Release;
		};
		D97CF6DA1A0BDFEF002F82D1 /* Build configuration list for PBXNativeTarget "FunctionalDiscreteEventEngineTests" */ = {
			isa = XCConfigurationList;
			buildConfigurations = (
				D97CF6DB1A0BDFEF002F82D1 /* Debug */,
				D97CF6DC1A0BDFEF002F82D1 /* Release */,
			);
			defaultConfigurationIsVisible = 0;
			defaultConfigurationName = Release;
		};
/* End XCConfigurationList section */
	};
	rootObject = D97CF6B01A0BDFEF002F82D1 /* Project object */;
}
